
Microsoft Visual Studio Solution File, Format Version 11.00
# Visual Studio 2010
# SharpDevelop 5.1
Project("{FAE04EC0-301F-11D3-BF4B-00C04F79EFBC}") = "Geneticos", "Geneticos\Geneticos.csproj", "{D074AD98-B036-412D-B1A6-146259F8326A}"
EndProject
Global
	GlobalSection(SolutionConfigurationPlatforms) = preSolution
		Debug|Any CPU = Debug|Any CPU
		Release|Any CPU = Release|Any CPU
	EndGlobalSection
	GlobalSection(ProjectConfigurationPlatforms) = postSolution
		{D074AD98-B036-412D-B1A6-146259F8326A}.Debug|Any CPU.ActiveCfg = Debug|Any CPU
		{D074AD98-B036-412D-B1A6-146259F8326A}.Debug|Any CPU.Build.0 = Debug|Any CPU
		{D074AD98-B036-412D-B1A6-146259F8326A}.Release|Any CPU.ActiveCfg = Release|Any CPU
		{D074AD98-B036-412D-B1A6-146259F8326A}.Release|Any CPU.Build.0 = Release|Any CPU
	EndGlobalSection
EndGlobal
